<?xml version="1.0" encoding="UTF-8"?>
<!DOCTYPE plist PUBLIC "-//Apple//DTD PLIST 1.0//EN" "http://www.apple.com/DTDs/PropertyList-1.0.dtd">
<plist version="1.0">
<dict>
	<key>archiveVersion</key>
	<string>1</string>
	<key>classes</key>
	<dict/>
	<key>objectVersion</key>
	<string>46</string>
	<key>objects</key>
	<dict>
		<key>2D71A2C418AE6052006D161B</key>
		<dict>
			<key>children</key>
			<array>
				<string>2D71A2D618AE6052006D161B</string>
				<string>2D71A2EF18AE6052006D161B</string>
				<string>2D71A2CF18AE6052006D161B</string>
				<string>2D71A2CE18AE6052006D161B</string>
				<string>E9337EEC73AA434E90171635</string>
			</array>
			<key>isa</key>
			<string>PBXGroup</string>
			<key>sourceTree</key>
			<string>&lt;group&gt;</string>
		</dict>
		<key>2D71A2C518AE6052006D161B</key>
		<dict>
			<key>attributes</key>
			<dict>
				<key>CLASSPREFIX</key>
				<string>EC</string>
				<key>LastUpgradeCheck</key>
				<string>0500</string>
				<key>ORGANIZATIONNAME</key>
				<string>shadyproject</string>
				<key>TargetAttributes</key>
				<dict>
					<key>2D71A2CC18AE6052006D161B</key>
					<dict>
						<key>DevelopmentTeam</key>
						<string>X49T9R7SE6</string>
					</dict>
					<key>2D71A2E718AE6052006D161B</key>
					<dict>
						<key>TestTargetID</key>
						<string>2D71A2CC18AE6052006D161B</string>
					</dict>
				</dict>
			</dict>
			<key>buildConfigurationList</key>
			<string>2D71A2C818AE6052006D161B</string>
			<key>compatibilityVersion</key>
			<string>Xcode 3.2</string>
			<key>developmentRegion</key>
			<string>English</string>
			<key>hasScannedForEncodings</key>
			<string>0</string>
			<key>isa</key>
			<string>PBXProject</string>
			<key>knownRegions</key>
			<array>
				<string>en</string>
			</array>
			<key>mainGroup</key>
			<string>2D71A2C418AE6052006D161B</string>
			<key>productRefGroup</key>
			<string>2D71A2CE18AE6052006D161B</string>
			<key>projectDirPath</key>
			<string></string>
			<key>projectReferences</key>
			<array/>
			<key>projectRoot</key>
			<string></string>
			<key>targets</key>
			<array>
				<string>2D71A2CC18AE6052006D161B</string>
				<string>2D71A2E718AE6052006D161B</string>
			</array>
		</dict>
		<key>2D71A2C818AE6052006D161B</key>
		<dict>
			<key>buildConfigurations</key>
			<array>
				<string>2D71A2F718AE6052006D161B</string>
				<string>2D71A2F818AE6052006D161B</string>
			</array>
			<key>defaultConfigurationIsVisible</key>
			<string>0</string>
			<key>defaultConfigurationName</key>
			<string>Release</string>
			<key>isa</key>
			<string>XCConfigurationList</string>
		</dict>
		<key>2D71A2C918AE6052006D161B</key>
		<dict>
			<key>buildActionMask</key>
			<string>2147483647</string>
			<key>files</key>
			<array>
				<string>2D71A2E118AE6052006D161B</string>
				<string>2DCE400718B32A8F009A6D72</string>
				<string>2DEBF78418B33D0F0020B170</string>
				<string>2DCE400218B32574009A6D72</string>
				<string>2D71A2DD18AE6052006D161B</string>
			</array>
			<key>isa</key>
			<string>PBXSourcesBuildPhase</string>
			<key>runOnlyForDeploymentPostprocessing</key>
			<string>0</string>
		</dict>
		<key>2D71A2CA18AE6052006D161B</key>
		<dict>
			<key>buildActionMask</key>
			<string>2147483647</string>
			<key>files</key>
			<array>
				<string>2D71A2D318AE6052006D161B</string>
				<string>2D71A2D518AE6052006D161B</string>
				<string>2D71A2D118AE6052006D161B</string>
				<string>A4A7B30E20D74A108AC03E11</string>
			</array>
			<key>isa</key>
			<string>PBXFrameworksBuildPhase</string>
			<key>runOnlyForDeploymentPostprocessing</key>
			<string>0</string>
		</dict>
		<key>2D71A2CB18AE6052006D161B</key>
		<dict>
			<key>buildActionMask</key>
			<string>2147483647</string>
			<key>files</key>
			<array>
				<string>2DD15D0A18B31F55003B04E3</string>
				<string>2DCE400918B32AB9009A6D72</string>
				<string>2D71A2DB18AE6052006D161B</string>
				<string>2D71A2E318AE6052006D161B</string>
			</array>
			<key>isa</key>
			<string>PBXResourcesBuildPhase</string>
			<key>runOnlyForDeploymentPostprocessing</key>
			<string>0</string>
		</dict>
		<key>2D71A2CC18AE6052006D161B</key>
		<dict>
			<key>buildConfigurationList</key>
			<string>2D71A2F918AE6052006D161B</string>
			<key>buildPhases</key>
			<array>
				<string>61B2F72137D147DCAED8E7C1</string>
				<string>2D71A2C918AE6052006D161B</string>
				<string>2D71A2CA18AE6052006D161B</string>
				<string>2D71A2CB18AE6052006D161B</string>
				<string>92808F3E133E477DAA7FE25B</string>
			</array>
			<key>buildRules</key>
			<array/>
			<key>dependencies</key>
			<array/>
			<key>isa</key>
			<string>PBXNativeTarget</string>
			<key>name</key>
			<string>Estimate Cards</string>
			<key>productName</key>
			<string>Estimate Cards</string>
			<key>productReference</key>
			<string>2D71A2CD18AE6052006D161B</string>
			<key>productType</key>
			<string>com.apple.product-type.application</string>
		</dict>
		<key>2D71A2CD18AE6052006D161B</key>
		<dict>
			<key>explicitFileType</key>
			<string>wrapper.application</string>
			<key>includeInIndex</key>
			<string>0</string>
			<key>isa</key>
			<string>PBXFileReference</string>
			<key>path</key>
			<string>Estimate Cards.app</string>
			<key>sourceTree</key>
			<string>BUILT_PRODUCTS_DIR</string>
		</dict>
		<key>2D71A2CE18AE6052006D161B</key>
		<dict>
			<key>children</key>
			<array>
				<string>2D71A2CD18AE6052006D161B</string>
				<string>2D71A2E818AE6052006D161B</string>
			</array>
			<key>isa</key>
			<string>PBXGroup</string>
			<key>name</key>
			<string>Products</string>
			<key>sourceTree</key>
			<string>&lt;group&gt;</string>
		</dict>
		<key>2D71A2CF18AE6052006D161B</key>
		<dict>
			<key>children</key>
			<array>
				<string>2D71A2D018AE6052006D161B</string>
				<string>2D71A2D218AE6052006D161B</string>
				<string>2D71A2D418AE6052006D161B</string>
				<string>2D71A2E918AE6052006D161B</string>
				<string>C1CBCAD333C046DF9B888E74</string>
			</array>
			<key>isa</key>
			<string>PBXGroup</string>
			<key>name</key>
			<string>Frameworks</string>
			<key>sourceTree</key>
			<string>&lt;group&gt;</string>
		</dict>
		<key>2D71A2D018AE6052006D161B</key>
		<dict>
			<key>isa</key>
			<string>PBXFileReference</string>
			<key>lastKnownFileType</key>
			<string>wrapper.framework</string>
			<key>name</key>
			<string>Foundation.framework</string>
			<key>path</key>
			<string>System/Library/Frameworks/Foundation.framework</string>
			<key>sourceTree</key>
			<string>SDKROOT</string>
		</dict>
		<key>2D71A2D118AE6052006D161B</key>
		<dict>
			<key>fileRef</key>
			<string>2D71A2D018AE6052006D161B</string>
			<key>isa</key>
			<string>PBXBuildFile</string>
		</dict>
		<key>2D71A2D218AE6052006D161B</key>
		<dict>
			<key>isa</key>
			<string>PBXFileReference</string>
			<key>lastKnownFileType</key>
			<string>wrapper.framework</string>
			<key>name</key>
			<string>CoreGraphics.framework</string>
			<key>path</key>
			<string>System/Library/Frameworks/CoreGraphics.framework</string>
			<key>sourceTree</key>
			<string>SDKROOT</string>
		</dict>
		<key>2D71A2D318AE6052006D161B</key>
		<dict>
			<key>fileRef</key>
			<string>2D71A2D218AE6052006D161B</string>
			<key>isa</key>
			<string>PBXBuildFile</string>
		</dict>
		<key>2D71A2D418AE6052006D161B</key>
		<dict>
			<key>isa</key>
			<string>PBXFileReference</string>
			<key>lastKnownFileType</key>
			<string>wrapper.framework</string>
			<key>name</key>
			<string>UIKit.framework</string>
			<key>path</key>
			<string>System/Library/Frameworks/UIKit.framework</string>
			<key>sourceTree</key>
			<string>SDKROOT</string>
		</dict>
		<key>2D71A2D518AE6052006D161B</key>
		<dict>
			<key>fileRef</key>
			<string>2D71A2D418AE6052006D161B</string>
			<key>isa</key>
			<string>PBXBuildFile</string>
		</dict>
		<key>2D71A2D618AE6052006D161B</key>
		<dict>
			<key>children</key>
			<array>
				<string>2DD15D0818B31F2F003B04E3</string>
				<string>2DD15D0718B31EE1003B04E3</string>
				<string>2DD15D0618B31EDB003B04E3</string>
				<string>2DD15D0518B31ED5003B04E3</string>
				<string>2D71A2DF18AE6052006D161B</string>
				<string>2D71A2E018AE6052006D161B</string>
				<string>2D71A2E218AE6052006D161B</string>
				<string>2D71A2D718AE6052006D161B</string>
			</array>
			<key>isa</key>
			<string>PBXGroup</string>
			<key>path</key>
			<string>Estimate Cards</string>
			<key>sourceTree</key>
			<string>&lt;group&gt;</string>
		</dict>
		<key>2D71A2D718AE6052006D161B</key>
		<dict>
			<key>children</key>
			<array>
				<string>2D71A2D818AE6052006D161B</string>
				<string>2D71A2D918AE6052006D161B</string>
				<string>2D71A2DC18AE6052006D161B</string>
				<string>2D71A2DE18AE6052006D161B</string>
			</array>
			<key>isa</key>
			<string>PBXGroup</string>
			<key>name</key>
			<string>Supporting Files</string>
			<key>sourceTree</key>
			<string>&lt;group&gt;</string>
		</dict>
		<key>2D71A2D818AE6052006D161B</key>
		<dict>
			<key>isa</key>
			<string>PBXFileReference</string>
			<key>lastKnownFileType</key>
			<string>text.plist.xml</string>
			<key>path</key>
			<string>Estimate Cards-Info.plist</string>
			<key>sourceTree</key>
			<string>&lt;group&gt;</string>
		</dict>
		<key>2D71A2D918AE6052006D161B</key>
		<dict>
			<key>children</key>
			<array>
				<string>2D71A2DA18AE6052006D161B</string>
			</array>
			<key>isa</key>
			<string>PBXVariantGroup</string>
			<key>name</key>
			<string>InfoPlist.strings</string>
			<key>sourceTree</key>
			<string>&lt;group&gt;</string>
		</dict>
		<key>2D71A2DA18AE6052006D161B</key>
		<dict>
			<key>isa</key>
			<string>PBXFileReference</string>
			<key>lastKnownFileType</key>
			<string>text.plist.strings</string>
			<key>name</key>
			<string>en</string>
			<key>path</key>
			<string>en.lproj/InfoPlist.strings</string>
			<key>sourceTree</key>
			<string>&lt;group&gt;</string>
		</dict>
		<key>2D71A2DB18AE6052006D161B</key>
		<dict>
			<key>fileRef</key>
			<string>2D71A2D918AE6052006D161B</string>
			<key>isa</key>
			<string>PBXBuildFile</string>
		</dict>
		<key>2D71A2DC18AE6052006D161B</key>
		<dict>
			<key>isa</key>
			<string>PBXFileReference</string>
			<key>lastKnownFileType</key>
			<string>sourcecode.c.objc</string>
			<key>path</key>
			<string>main.m</string>
			<key>sourceTree</key>
			<string>&lt;group&gt;</string>
		</dict>
		<key>2D71A2DD18AE6052006D161B</key>
		<dict>
			<key>fileRef</key>
			<string>2D71A2DC18AE6052006D161B</string>
			<key>isa</key>
			<string>PBXBuildFile</string>
		</dict>
		<key>2D71A2DE18AE6052006D161B</key>
		<dict>
			<key>isa</key>
			<string>PBXFileReference</string>
			<key>lastKnownFileType</key>
			<string>sourcecode.c.h</string>
			<key>path</key>
			<string>Estimate Cards-Prefix.pch</string>
			<key>sourceTree</key>
			<string>&lt;group&gt;</string>
		</dict>
		<key>2D71A2DF18AE6052006D161B</key>
		<dict>
			<key>isa</key>
			<string>PBXFileReference</string>
			<key>lastKnownFileType</key>
			<string>sourcecode.c.h</string>
			<key>path</key>
			<string>ECAppDelegate.h</string>
			<key>sourceTree</key>
			<string>&lt;group&gt;</string>
		</dict>
		<key>2D71A2E018AE6052006D161B</key>
		<dict>
			<key>isa</key>
			<string>PBXFileReference</string>
			<key>lastKnownFileType</key>
			<string>sourcecode.c.objc</string>
			<key>path</key>
			<string>ECAppDelegate.m</string>
			<key>sourceTree</key>
			<string>&lt;group&gt;</string>
		</dict>
		<key>2D71A2E118AE6052006D161B</key>
		<dict>
			<key>fileRef</key>
			<string>2D71A2E018AE6052006D161B</string>
			<key>isa</key>
			<string>PBXBuildFile</string>
		</dict>
		<key>2D71A2E218AE6052006D161B</key>
		<dict>
			<key>isa</key>
			<string>PBXFileReference</string>
			<key>lastKnownFileType</key>
			<string>folder.assetcatalog</string>
			<key>path</key>
			<string>Images.xcassets</string>
			<key>sourceTree</key>
			<string>&lt;group&gt;</string>
		</dict>
		<key>2D71A2E318AE6052006D161B</key>
		<dict>
			<key>fileRef</key>
			<string>2D71A2E218AE6052006D161B</string>
			<key>isa</key>
			<string>PBXBuildFile</string>
		</dict>
		<key>2D71A2E418AE6052006D161B</key>
		<dict>
			<key>buildActionMask</key>
			<string>2147483647</string>
			<key>files</key>
			<array>
				<string>2D71A2F618AE6052006D161B</string>
			</array>
			<key>isa</key>
			<string>PBXSourcesBuildPhase</string>
			<key>runOnlyForDeploymentPostprocessing</key>
			<string>0</string>
		</dict>
		<key>2D71A2E518AE6052006D161B</key>
		<dict>
			<key>buildActionMask</key>
			<string>2147483647</string>
			<key>files</key>
			<array>
				<string>2D71A2EA18AE6052006D161B</string>
				<string>2D71A2EC18AE6052006D161B</string>
				<string>2D71A2EB18AE6052006D161B</string>
			</array>
			<key>isa</key>
			<string>PBXFrameworksBuildPhase</string>
			<key>runOnlyForDeploymentPostprocessing</key>
			<string>0</string>
		</dict>
		<key>2D71A2E618AE6052006D161B</key>
		<dict>
			<key>buildActionMask</key>
			<string>2147483647</string>
			<key>files</key>
			<array>
				<string>2D71A2F418AE6052006D161B</string>
			</array>
			<key>isa</key>
			<string>PBXResourcesBuildPhase</string>
			<key>runOnlyForDeploymentPostprocessing</key>
			<string>0</string>
		</dict>
		<key>2D71A2E718AE6052006D161B</key>
		<dict>
			<key>buildConfigurationList</key>
			<string>2D71A2FC18AE6052006D161B</string>
			<key>buildPhases</key>
			<array>
				<string>2D71A2E418AE6052006D161B</string>
				<string>2D71A2E518AE6052006D161B</string>
				<string>2D71A2E618AE6052006D161B</string>
			</array>
			<key>buildRules</key>
			<array/>
			<key>dependencies</key>
			<array>
				<string>2D71A2EE18AE6052006D161B</string>
			</array>
			<key>isa</key>
			<string>PBXNativeTarget</string>
			<key>name</key>
			<string>Estimate CardsTests</string>
			<key>productName</key>
			<string>Estimate CardsTests</string>
			<key>productReference</key>
			<string>2D71A2E818AE6052006D161B</string>
			<key>productType</key>
			<string>com.apple.product-type.bundle.unit-test</string>
		</dict>
		<key>2D71A2E818AE6052006D161B</key>
		<dict>
			<key>explicitFileType</key>
			<string>wrapper.cfbundle</string>
			<key>includeInIndex</key>
			<string>0</string>
			<key>isa</key>
			<string>PBXFileReference</string>
			<key>path</key>
			<string>Estimate CardsTests.xctest</string>
			<key>sourceTree</key>
			<string>BUILT_PRODUCTS_DIR</string>
		</dict>
		<key>2D71A2E918AE6052006D161B</key>
		<dict>
			<key>isa</key>
			<string>PBXFileReference</string>
			<key>lastKnownFileType</key>
			<string>wrapper.framework</string>
			<key>name</key>
			<string>XCTest.framework</string>
			<key>path</key>
			<string>Library/Frameworks/XCTest.framework</string>
			<key>sourceTree</key>
			<string>DEVELOPER_DIR</string>
		</dict>
		<key>2D71A2EA18AE6052006D161B</key>
		<dict>
			<key>fileRef</key>
			<string>2D71A2E918AE6052006D161B</string>
			<key>isa</key>
			<string>PBXBuildFile</string>
		</dict>
		<key>2D71A2EB18AE6052006D161B</key>
		<dict>
			<key>fileRef</key>
			<string>2D71A2D018AE6052006D161B</string>
			<key>isa</key>
			<string>PBXBuildFile</string>
		</dict>
		<key>2D71A2EC18AE6052006D161B</key>
		<dict>
			<key>fileRef</key>
			<string>2D71A2D418AE6052006D161B</string>
			<key>isa</key>
			<string>PBXBuildFile</string>
		</dict>
		<key>2D71A2ED18AE6052006D161B</key>
		<dict>
			<key>containerPortal</key>
			<string>2D71A2C518AE6052006D161B</string>
			<key>isa</key>
			<string>PBXContainerItemProxy</string>
			<key>proxyType</key>
			<string>1</string>
			<key>remoteGlobalIDString</key>
			<string>2D71A2CC18AE6052006D161B</string>
			<key>remoteInfo</key>
			<string>Estimate Cards</string>
		</dict>
		<key>2D71A2EE18AE6052006D161B</key>
		<dict>
			<key>isa</key>
			<string>PBXTargetDependency</string>
			<key>target</key>
			<string>2D71A2CC18AE6052006D161B</string>
			<key>targetProxy</key>
			<string>2D71A2ED18AE6052006D161B</string>
		</dict>
		<key>2D71A2EF18AE6052006D161B</key>
		<dict>
			<key>children</key>
			<array>
				<string>2D71A2F518AE6052006D161B</string>
				<string>2D71A2F018AE6052006D161B</string>
			</array>
			<key>isa</key>
			<string>PBXGroup</string>
			<key>path</key>
			<string>Estimate CardsTests</string>
			<key>sourceTree</key>
			<string>&lt;group&gt;</string>
		</dict>
		<key>2D71A2F018AE6052006D161B</key>
		<dict>
			<key>children</key>
			<array>
				<string>2D71A2F118AE6052006D161B</string>
				<string>2D71A2F218AE6052006D161B</string>
			</array>
			<key>isa</key>
			<string>PBXGroup</string>
			<key>name</key>
			<string>Supporting Files</string>
			<key>sourceTree</key>
			<string>&lt;group&gt;</string>
		</dict>
		<key>2D71A2F118AE6052006D161B</key>
		<dict>
			<key>isa</key>
			<string>PBXFileReference</string>
			<key>lastKnownFileType</key>
			<string>text.plist.xml</string>
			<key>path</key>
			<string>Estimate CardsTests-Info.plist</string>
			<key>sourceTree</key>
			<string>&lt;group&gt;</string>
		</dict>
		<key>2D71A2F218AE6052006D161B</key>
		<dict>
			<key>children</key>
			<array>
				<string>2D71A2F318AE6052006D161B</string>
			</array>
			<key>isa</key>
			<string>PBXVariantGroup</string>
			<key>name</key>
			<string>InfoPlist.strings</string>
			<key>sourceTree</key>
			<string>&lt;group&gt;</string>
		</dict>
		<key>2D71A2F318AE6052006D161B</key>
		<dict>
			<key>isa</key>
			<string>PBXFileReference</string>
			<key>lastKnownFileType</key>
			<string>text.plist.strings</string>
			<key>name</key>
			<string>en</string>
			<key>path</key>
			<string>en.lproj/InfoPlist.strings</string>
			<key>sourceTree</key>
			<string>&lt;group&gt;</string>
		</dict>
		<key>2D71A2F418AE6052006D161B</key>
		<dict>
			<key>fileRef</key>
			<string>2D71A2F218AE6052006D161B</string>
			<key>isa</key>
			<string>PBXBuildFile</string>
		</dict>
		<key>2D71A2F518AE6052006D161B</key>
		<dict>
			<key>isa</key>
			<string>PBXFileReference</string>
			<key>lastKnownFileType</key>
			<string>sourcecode.c.objc</string>
			<key>path</key>
			<string>Estimate_CardsTests.m</string>
			<key>sourceTree</key>
			<string>&lt;group&gt;</string>
		</dict>
		<key>2D71A2F618AE6052006D161B</key>
		<dict>
			<key>fileRef</key>
			<string>2D71A2F518AE6052006D161B</string>
			<key>isa</key>
			<string>PBXBuildFile</string>
		</dict>
		<key>2D71A2F718AE6052006D161B</key>
		<dict>
			<key>buildSettings</key>
			<dict>
				<key>ALWAYS_SEARCH_USER_PATHS</key>
				<string>NO</string>
				<key>ARCHS</key>
				<string>$(ARCHS_STANDARD_INCLUDING_64_BIT)</string>
				<key>CLANG_CXX_LANGUAGE_STANDARD</key>
				<string>gnu++0x</string>
				<key>CLANG_CXX_LIBRARY</key>
				<string>libc++</string>
				<key>CLANG_ENABLE_MODULES</key>
				<string>YES</string>
				<key>CLANG_ENABLE_OBJC_ARC</key>
				<string>YES</string>
				<key>CLANG_WARN_BOOL_CONVERSION</key>
				<string>YES</string>
				<key>CLANG_WARN_CONSTANT_CONVERSION</key>
				<string>YES</string>
				<key>CLANG_WARN_DIRECT_OBJC_ISA_USAGE</key>
				<string>YES_ERROR</string>
				<key>CLANG_WARN_EMPTY_BODY</key>
				<string>YES</string>
				<key>CLANG_WARN_ENUM_CONVERSION</key>
				<string>YES</string>
				<key>CLANG_WARN_INT_CONVERSION</key>
				<string>YES</string>
				<key>CLANG_WARN_OBJC_ROOT_CLASS</key>
				<string>YES_ERROR</string>
				<key>CLANG_WARN__DUPLICATE_METHOD_MATCH</key>
				<string>YES</string>
				<key>CODE_SIGN_IDENTITY[sdk=iphoneos*]</key>
				<string>iPhone Developer</string>
				<key>COPY_PHASE_STRIP</key>
				<string>NO</string>
				<key>GCC_C_LANGUAGE_STANDARD</key>
				<string>gnu99</string>
				<key>GCC_DYNAMIC_NO_PIC</key>
				<string>NO</string>
				<key>GCC_OPTIMIZATION_LEVEL</key>
				<string>0</string>
				<key>GCC_PREPROCESSOR_DEFINITIONS</key>
				<array>
					<string>DEBUG=1</string>
					<string>$(inherited)</string>
				</array>
				<key>GCC_SYMBOLS_PRIVATE_EXTERN</key>
				<string>NO</string>
				<key>GCC_WARN_64_TO_32_BIT_CONVERSION</key>
				<string>YES</string>
				<key>GCC_WARN_ABOUT_RETURN_TYPE</key>
				<string>YES_ERROR</string>
				<key>GCC_WARN_UNDECLARED_SELECTOR</key>
				<string>YES</string>
				<key>GCC_WARN_UNINITIALIZED_AUTOS</key>
				<string>YES</string>
				<key>GCC_WARN_UNUSED_FUNCTION</key>
				<string>YES</string>
				<key>GCC_WARN_UNUSED_VARIABLE</key>
				<string>YES</string>
				<key>IPHONEOS_DEPLOYMENT_TARGET</key>
				<string>7.0</string>
				<key>ONLY_ACTIVE_ARCH</key>
				<string>YES</string>
				<key>SDKROOT</key>
				<string>iphoneos</string>
			</dict>
			<key>isa</key>
			<string>XCBuildConfiguration</string>
			<key>name</key>
			<string>Debug</string>
		</dict>
		<key>2D71A2F818AE6052006D161B</key>
		<dict>
			<key>buildSettings</key>
			<dict>
				<key>ALWAYS_SEARCH_USER_PATHS</key>
				<string>NO</string>
				<key>ARCHS</key>
				<string>$(ARCHS_STANDARD_INCLUDING_64_BIT)</string>
				<key>CLANG_CXX_LANGUAGE_STANDARD</key>
				<string>gnu++0x</string>
				<key>CLANG_CXX_LIBRARY</key>
				<string>libc++</string>
				<key>CLANG_ENABLE_MODULES</key>
				<string>YES</string>
				<key>CLANG_ENABLE_OBJC_ARC</key>
				<string>YES</string>
				<key>CLANG_WARN_BOOL_CONVERSION</key>
				<string>YES</string>
				<key>CLANG_WARN_CONSTANT_CONVERSION</key>
				<string>YES</string>
				<key>CLANG_WARN_DIRECT_OBJC_ISA_USAGE</key>
				<string>YES_ERROR</string>
				<key>CLANG_WARN_EMPTY_BODY</key>
				<string>YES</string>
				<key>CLANG_WARN_ENUM_CONVERSION</key>
				<string>YES</string>
				<key>CLANG_WARN_INT_CONVERSION</key>
				<string>YES</string>
				<key>CLANG_WARN_OBJC_ROOT_CLASS</key>
				<string>YES_ERROR</string>
				<key>CLANG_WARN__DUPLICATE_METHOD_MATCH</key>
				<string>YES</string>
				<key>CODE_SIGN_IDENTITY[sdk=iphoneos*]</key>
				<string>iPhone Developer</string>
				<key>COPY_PHASE_STRIP</key>
				<string>YES</string>
				<key>ENABLE_NS_ASSERTIONS</key>
				<string>NO</string>
				<key>GCC_C_LANGUAGE_STANDARD</key>
				<string>gnu99</string>
				<key>GCC_WARN_64_TO_32_BIT_CONVERSION</key>
				<string>YES</string>
				<key>GCC_WARN_ABOUT_RETURN_TYPE</key>
				<string>YES_ERROR</string>
				<key>GCC_WARN_UNDECLARED_SELECTOR</key>
				<string>YES</string>
				<key>GCC_WARN_UNINITIALIZED_AUTOS</key>
				<string>YES</string>
				<key>GCC_WARN_UNUSED_FUNCTION</key>
				<string>YES</string>
				<key>GCC_WARN_UNUSED_VARIABLE</key>
				<string>YES</string>
				<key>IPHONEOS_DEPLOYMENT_TARGET</key>
				<string>7.0</string>
				<key>SDKROOT</key>
				<string>iphoneos</string>
				<key>VALIDATE_PRODUCT</key>
				<string>YES</string>
			</dict>
			<key>isa</key>
			<string>XCBuildConfiguration</string>
			<key>name</key>
			<string>Release</string>
		</dict>
		<key>2D71A2F918AE6052006D161B</key>
		<dict>
			<key>buildConfigurations</key>
			<array>
				<string>2D71A2FA18AE6052006D161B</string>
				<string>2D71A2FB18AE6052006D161B</string>
			</array>
			<key>defaultConfigurationIsVisible</key>
			<string>0</string>
			<key>defaultConfigurationName</key>
			<string>Release</string>
			<key>isa</key>
			<string>XCConfigurationList</string>
		</dict>
		<key>2D71A2FA18AE6052006D161B</key>
		<dict>
			<key>baseConfigurationReference</key>
			<string>E9337EEC73AA434E90171635</string>
			<key>buildSettings</key>
			<dict>
				<key>ASSETCATALOG_COMPILER_APPICON_NAME</key>
				<string>AppIcon</string>
				<key>ASSETCATALOG_COMPILER_LAUNCHIMAGE_NAME</key>
				<string>LaunchImage</string>
				<key>CODE_SIGN_IDENTITY</key>
				<string>iPhone Developer</string>
				<key>CODE_SIGN_IDENTITY[sdk=iphoneos*]</key>
				<string>iPhone Developer</string>
				<key>GCC_PRECOMPILE_PREFIX_HEADER</key>
				<string>YES</string>
				<key>GCC_PREFIX_HEADER</key>
				<string>Estimate Cards/Estimate Cards-Prefix.pch</string>
				<key>INFOPLIST_FILE</key>
				<string>Estimate Cards/Estimate Cards-Info.plist</string>
				<key>PRODUCT_NAME</key>
				<string>$(TARGET_NAME)</string>
				<key>PROVISIONING_PROFILE</key>
				<string></string>
				<key>WRAPPER_EXTENSION</key>
				<string>app</string>
			</dict>
			<key>isa</key>
			<string>XCBuildConfiguration</string>
			<key>name</key>
			<string>Debug</string>
		</dict>
		<key>2D71A2FB18AE6052006D161B</key>
		<dict>
			<key>baseConfigurationReference</key>
			<string>E9337EEC73AA434E90171635</string>
			<key>buildSettings</key>
			<dict>
				<key>ASSETCATALOG_COMPILER_APPICON_NAME</key>
				<string>AppIcon</string>
				<key>ASSETCATALOG_COMPILER_LAUNCHIMAGE_NAME</key>
				<string>LaunchImage</string>
				<key>CODE_SIGN_IDENTITY</key>
				<string>iPhone Developer</string>
				<key>CODE_SIGN_IDENTITY[sdk=iphoneos*]</key>
				<string>iPhone Developer</string>
				<key>GCC_PRECOMPILE_PREFIX_HEADER</key>
				<string>YES</string>
				<key>GCC_PREFIX_HEADER</key>
				<string>Estimate Cards/Estimate Cards-Prefix.pch</string>
				<key>INFOPLIST_FILE</key>
				<string>Estimate Cards/Estimate Cards-Info.plist</string>
				<key>PRODUCT_NAME</key>
				<string>$(TARGET_NAME)</string>
				<key>PROVISIONING_PROFILE</key>
				<string></string>
				<key>WRAPPER_EXTENSION</key>
				<string>app</string>
			</dict>
			<key>isa</key>
			<string>XCBuildConfiguration</string>
			<key>name</key>
			<string>Release</string>
		</dict>
		<key>2D71A2FC18AE6052006D161B</key>
		<dict>
			<key>buildConfigurations</key>
			<array>
				<string>2D71A2FD18AE6052006D161B</string>
				<string>2D71A2FE18AE6052006D161B</string>
			</array>
			<key>defaultConfigurationIsVisible</key>
			<string>0</string>
			<key>defaultConfigurationName</key>
			<string>Release</string>
			<key>isa</key>
			<string>XCConfigurationList</string>
		</dict>
		<key>2D71A2FD18AE6052006D161B</key>
		<dict>
			<key>buildSettings</key>
			<dict>
				<key>ARCHS</key>
				<string>$(ARCHS_STANDARD_INCLUDING_64_BIT)</string>
				<key>BUNDLE_LOADER</key>
				<string>$(BUILT_PRODUCTS_DIR)/Estimate Cards.app/Estimate Cards</string>
				<key>FRAMEWORK_SEARCH_PATHS</key>
				<array>
					<string>$(SDKROOT)/Developer/Library/Frameworks</string>
					<string>$(inherited)</string>
					<string>$(DEVELOPER_FRAMEWORKS_DIR)</string>
				</array>
				<key>GCC_PRECOMPILE_PREFIX_HEADER</key>
				<string>YES</string>
				<key>GCC_PREFIX_HEADER</key>
				<string>Estimate Cards/Estimate Cards-Prefix.pch</string>
				<key>GCC_PREPROCESSOR_DEFINITIONS</key>
				<array>
					<string>DEBUG=1</string>
					<string>$(inherited)</string>
				</array>
				<key>INFOPLIST_FILE</key>
				<string>Estimate CardsTests/Estimate CardsTests-Info.plist</string>
				<key>PRODUCT_NAME</key>
				<string>$(TARGET_NAME)</string>
				<key>TEST_HOST</key>
				<string>$(BUNDLE_LOADER)</string>
				<key>WRAPPER_EXTENSION</key>
				<string>xctest</string>
			</dict>
			<key>isa</key>
			<string>XCBuildConfiguration</string>
			<key>name</key>
			<string>Debug</string>
		</dict>
		<key>2D71A2FE18AE6052006D161B</key>
		<dict>
			<key>buildSettings</key>
			<dict>
				<key>ARCHS</key>
				<string>$(ARCHS_STANDARD_INCLUDING_64_BIT)</string>
				<key>BUNDLE_LOADER</key>
				<string>$(BUILT_PRODUCTS_DIR)/Estimate Cards.app/Estimate Cards</string>
				<key>FRAMEWORK_SEARCH_PATHS</key>
				<array>
					<string>$(SDKROOT)/Developer/Library/Frameworks</string>
					<string>$(inherited)</string>
					<string>$(DEVELOPER_FRAMEWORKS_DIR)</string>
				</array>
				<key>GCC_PRECOMPILE_PREFIX_HEADER</key>
				<string>YES</string>
				<key>GCC_PREFIX_HEADER</key>
				<string>Estimate Cards/Estimate Cards-Prefix.pch</string>
				<key>INFOPLIST_FILE</key>
				<string>Estimate CardsTests/Estimate CardsTests-Info.plist</string>
				<key>PRODUCT_NAME</key>
				<string>$(TARGET_NAME)</string>
				<key>TEST_HOST</key>
				<string>$(BUNDLE_LOADER)</string>
				<key>WRAPPER_EXTENSION</key>
				<string>xctest</string>
			</dict>
			<key>isa</key>
			<string>XCBuildConfiguration</string>
			<key>name</key>
			<string>Release</string>
		</dict>
		<key>2DCE400018B32574009A6D72</key>
		<dict>
			<key>fileEncoding</key>
			<string>4</string>
			<key>isa</key>
			<string>PBXFileReference</string>
			<key>lastKnownFileType</key>
			<string>sourcecode.c.h</string>
			<key>path</key>
			<string>ECDeckViewController.h</string>
			<key>sourceTree</key>
			<string>&lt;group&gt;</string>
		</dict>
		<key>2DCE400118B32574009A6D72</key>
		<dict>
			<key>fileEncoding</key>
			<string>4</string>
			<key>isa</key>
			<string>PBXFileReference</string>
			<key>lastKnownFileType</key>
			<string>sourcecode.c.objc</string>
			<key>path</key>
			<string>ECDeckViewController.m</string>
			<key>sourceTree</key>
			<string>&lt;group&gt;</string>
		</dict>
		<key>2DCE400218B32574009A6D72</key>
		<dict>
			<key>fileRef</key>
			<string>2DCE400118B32574009A6D72</string>
			<key>isa</key>
			<string>PBXBuildFile</string>
		</dict>
		<key>2DCE400518B32A8F009A6D72</key>
		<dict>
			<key>fileEncoding</key>
			<string>4</string>
			<key>isa</key>
			<string>PBXFileReference</string>
			<key>lastKnownFileType</key>
			<string>sourcecode.c.h</string>
			<key>path</key>
			<string>ECCardCell.h</string>
			<key>sourceTree</key>
			<string>&lt;group&gt;</string>
		</dict>
		<key>2DCE400618B32A8F009A6D72</key>
		<dict>
			<key>fileEncoding</key>
			<string>4</string>
			<key>isa</key>
			<string>PBXFileReference</string>
			<key>lastKnownFileType</key>
			<string>sourcecode.c.objc</string>
			<key>path</key>
			<string>ECCardCell.m</string>
			<key>sourceTree</key>
			<string>&lt;group&gt;</string>
		</dict>
		<key>2DCE400718B32A8F009A6D72</key>
		<dict>
			<key>fileRef</key>
			<string>2DCE400618B32A8F009A6D72</string>
			<key>isa</key>
			<string>PBXBuildFile</string>
		</dict>
		<key>2DCE400818B32AB9009A6D72</key>
		<dict>
			<key>fileEncoding</key>
			<string>4</string>
			<key>isa</key>
			<string>PBXFileReference</string>
			<key>lastKnownFileType</key>
			<string>file.xib</string>
			<key>path</key>
			<string>ECCardCell.xib</string>
			<key>sourceTree</key>
			<string>&lt;group&gt;</string>
		</dict>
		<key>2DCE400918B32AB9009A6D72</key>
		<dict>
			<key>fileRef</key>
			<string>2DCE400818B32AB9009A6D72</string>
			<key>isa</key>
			<string>PBXBuildFile</string>
		</dict>
		<key>2DD15D0518B31ED5003B04E3</key>
		<dict>
			<key>children</key>
			<array>
				<string>2DCE400818B32AB9009A6D72</string>
				<string>2DD15D0918B31F55003B04E3</string>
			</array>
			<key>isa</key>
			<string>PBXGroup</string>
			<key>path</key>
			<string>Nibs</string>
			<key>sourceTree</key>
			<string>&lt;group&gt;</string>
		</dict>
		<key>2DD15D0618B31EDB003B04E3</key>
		<dict>
			<key>children</key>
			<array>
				<string>2DCE400018B32574009A6D72</string>
				<string>2DCE400118B32574009A6D72</string>
				<string>2DEBF78218B33D0F0020B170</string>
				<string>2DEBF78318B33D0F0020B170</string>
			</array>
			<key>isa</key>
			<string>PBXGroup</string>
			<key>name</key>
			<string>View Controllers</string>
			<key>path</key>
			<string>ViewControllers</string>
			<key>sourceTree</key>
			<string>&lt;group&gt;</string>
		</dict>
		<key>2DD15D0718B31EE1003B04E3</key>
		<dict>
			<key>children</key>
			<array>
				<string>2DCE400518B32A8F009A6D72</string>
				<string>2DCE400618B32A8F009A6D72</string>
			</array>
			<key>isa</key>
			<string>PBXGroup</string>
			<key>path</key>
			<string>Views</string>
			<key>sourceTree</key>
			<string>&lt;group&gt;</string>
		</dict>
		<key>2DD15D0818B31F2F003B04E3</key>
		<dict>
			<key>children</key>
			<array/>
			<key>isa</key>
			<string>PBXGroup</string>
			<key>path</key>
			<string>Categories</string>
			<key>sourceTree</key>
			<string>&lt;group&gt;</string>
		</dict>
		<key>2DD15D0918B31F55003B04E3</key>
		<dict>
			<key>fileEncoding</key>
			<string>4</string>
			<key>isa</key>
			<string>PBXFileReference</string>
			<key>lastKnownFileType</key>
			<string>file.storyboard</string>
			<key>path</key>
			<string>Main.storyboard</string>
			<key>sourceTree</key>
			<string>&lt;group&gt;</string>
		</dict>
		<key>2DD15D0A18B31F55003B04E3</key>
		<dict>
			<key>fileRef</key>
			<string>2DD15D0918B31F55003B04E3</string>
			<key>isa</key>
			<string>PBXBuildFile</string>
		</dict>
		<key>2DEBF78218B33D0F0020B170</key>
		<dict>
			<key>fileEncoding</key>
			<string>4</string>
			<key>isa</key>
			<string>PBXFileReference</string>
			<key>lastKnownFileType</key>
			<string>sourcecode.c.h</string>
			<key>path</key>
			<string>ECBigCardViewController.h</string>
			<key>sourceTree</key>
			<string>&lt;group&gt;</string>
		</dict>
		<key>2DEBF78318B33D0F0020B170</key>
		<dict>
			<key>fileEncoding</key>
			<string>4</string>
			<key>isa</key>
			<string>PBXFileReference</string>
			<key>lastKnownFileType</key>
			<string>sourcecode.c.objc</string>
			<key>path</key>
			<string>ECBigCardViewController.m</string>
			<key>sourceTree</key>
			<string>&lt;group&gt;</string>
		</dict>
		<key>2DEBF78418B33D0F0020B170</key>
		<dict>
			<key>fileRef</key>
			<string>2DEBF78318B33D0F0020B170</string>
			<key>isa</key>
			<string>PBXBuildFile</string>
		</dict>
		<key>61B2F72137D147DCAED8E7C1</key>
		<dict>
			<key>buildActionMask</key>
			<string>2147483647</string>
			<key>files</key>
			<array/>
			<key>inputPaths</key>
			<array/>
			<key>isa</key>
			<string>PBXShellScriptBuildPhase</string>
			<key>name</key>
			<string>Check Pods Manifest.lock</string>
			<key>outputPaths</key>
			<array/>
			<key>runOnlyForDeploymentPostprocessing</key>
			<string>0</string>
			<key>shellPath</key>
			<string>/bin/sh</string>
			<key>shellScript</key>
			<string>diff "${PODS_ROOT}/../Podfile.lock" "${PODS_ROOT}/Manifest.lock" &gt; /dev/null
if [[ $? != 0 ]] ; then
    cat &lt;&lt; EOM
error: The sandbox is not in sync with the Podfile.lock. Run 'pod install' or update your CocoaPods installation.
EOM
    exit 1
fi
</string>
			<key>showEnvVarsInLog</key>
			<string>0</string>
		</dict>
		<key>92808F3E133E477DAA7FE25B</key>
		<dict>
			<key>buildActionMask</key>
			<string>2147483647</string>
			<key>files</key>
			<array/>
			<key>inputPaths</key>
			<array/>
			<key>isa</key>
			<string>PBXShellScriptBuildPhase</string>
			<key>name</key>
			<string>Copy Pods Resources</string>
			<key>outputPaths</key>
			<array/>
			<key>runOnlyForDeploymentPostprocessing</key>
			<string>0</string>
			<key>shellPath</key>
			<string>/bin/sh</string>
			<key>shellScript</key>
			<string>"${SRCROOT}/Pods/Pods-resources.sh"
</string>
			<key>showEnvVarsInLog</key>
			<string>0</string>
		</dict>
		<key>A4A7B30E20D74A108AC03E11</key>
		<dict>
			<key>fileRef</key>
			<string>C1CBCAD333C046DF9B888E74</string>
			<key>isa</key>
			<string>PBXBuildFile</string>
		</dict>
		<key>C1CBCAD333C046DF9B888E74</key>
		<dict>
			<key>explicitFileType</key>
			<string>archive.ar</string>
			<key>includeInIndex</key>
			<string>0</string>
			<key>isa</key>
			<string>PBXFileReference</string>
			<key>path</key>
			<string>libPods.a</string>
			<key>sourceTree</key>
			<string>BUILT_PRODUCTS_DIR</string>
		</dict>
		<key>E9337EEC73AA434E90171635</key>
		<dict>
			<key>includeInIndex</key>
			<string>1</string>
			<key>isa</key>
			<string>PBXFileReference</string>
			<key>lastKnownFileType</key>
			<string>text.xcconfig</string>
			<key>name</key>
			<string>Pods.xcconfig</string>
			<key>path</key>
			<string>Pods/Pods.xcconfig</string>
			<key>sourceTree</key>
			<string>&lt;group&gt;</string>
		</dict>
	</dict>
	<key>rootObject</key>
	<string>2D71A2C518AE6052006D161B</string>
</dict>
</plist>
